
Microsoft Visual Studio Solution File, Format Version 12.00
# Visual Studio Version 17
VisualStudioVersion = 17.1.32210.238
MinimumVisualStudioVersion = 10.0.40219.1
Project("{FAE04EC0-301F-11D3-BF4B-00C04F79EFBC}") = "khamzat uppgift 3.15", "khamzat uppgift 3.15.csproj", "{FD10278B-04E5-4310-9BC9-6D23B2878328}"
EndProject
Global
	GlobalSection(SolutionConfigurationPlatforms) = preSolution
		Debug|Any CPU = Debug|Any CPU
		Release|Any CPU = Release|Any CPU
	EndGlobalSection
	GlobalSection(ProjectConfigurationPlatforms) = postSolution
		{FD10278B-04E5-4310-9BC9-6D23B2878328}.Debug|Any CPU.ActiveCfg = Debug|Any CPU
		{FD10278B-04E5-4310-9BC9-6D23B2878328}.Debug|Any CPU.Build.0 = Debug|Any CPU
		{FD10278B-04E5-4310-9BC9-6D23B2878328}.Release|Any CPU.ActiveCfg = Release|Any CPU
		{FD10278B-04E5-4310-9BC9-6D23B2878328}.Release|Any CPU.Build.0 = Release|Any CPU
	EndGlobalSection
	GlobalSection(SolutionProperties) = preSolution
		HideSolutionNode = FALSE
	EndGlobalSection
	GlobalSection(ExtensibilityGlobals) = postSolution
		SolutionGuid = {5673283B-4FC7-4593-8CE9-59848301CF1E}
	EndGlobalSection
EndGlobal
